
Microsoft Visual Studio Solution File, Format Version 11.00
# Visual Studio 2010
# SharpDevelop 4.4
Project("{FAE04EC0-301F-11D3-BF4B-00C04F79EFBC}") = "ClickLog", "ClickLog.csproj", "{43643BA5-5157-4139-899E-07879B38BBA8}"
EndProject
Global
	GlobalSection(SolutionConfigurationPlatforms) = preSolution
		Debug|Any CPU = Debug|Any CPU
		Release|Any CPU = Release|Any CPU
	EndGlobalSection
	GlobalSection(ProjectConfigurationPlatforms) = postSolution
		{43643BA5-5157-4139-899E-07879B38BBA8}.Debug|Any CPU.Build.0 = Debug|Any CPU
		{43643BA5-5157-4139-899E-07879B38BBA8}.Debug|Any CPU.ActiveCfg = Debug|Any CPU
		{43643BA5-5157-4139-899E-07879B38BBA8}.Release|Any CPU.Build.0 = Release|Any CPU
		{43643BA5-5157-4139-899E-07879B38BBA8}.Release|Any CPU.ActiveCfg = Release|Any CPU
	EndGlobalSection
EndGlobal
